
Microsoft Visual Studio Solution File, Format Version 12.00
# Visual Studio 15
VisualStudioVersion = 15.0.28307.489
MinimumVisualStudioVersion = 10.0.40219.1
Project("{FAE04EC0-301F-11D3-BF4B-00C04F79EFBC}") = "OrderManagement.Api", "OrderManagement.Api\OrderManagement.Api.csproj", "{A11F8E8A-001D-46C5-BEB9-FA41642C3CFA}"
EndProject
Project("{FAE04EC0-301F-11D3-BF4B-00C04F79EFBC}") = "OrderManagement.Services", "OrderManagement.Services\OrderManagement.Services.csproj", "{FBB08913-D7FB-4167-84D4-DB953D7D97F3}"
EndProject
Project("{FAE04EC0-301F-11D3-BF4B-00C04F79EFBC}") = "OrderManagement.DataAccess.InMemory", "OrderManagement.DataAccess.InMemory\OrderManagement.DataAccess.InMemory.csproj", "{5DD25157-140B-4D95-9F4B-2E23303DC1B8}"
EndProject
Global
	GlobalSection(SolutionConfigurationPlatforms) = preSolution
		Debug|Any CPU = Debug|Any CPU
		Release|Any CPU = Release|Any CPU
	EndGlobalSection
	GlobalSection(ProjectConfigurationPlatforms) = postSolution
		{A11F8E8A-001D-46C5-BEB9-FA41642C3CFA}.Debug|Any CPU.ActiveCfg = Debug|Any CPU
		{A11F8E8A-001D-46C5-BEB9-FA41642C3CFA}.Debug|Any CPU.Build.0 = Debug|Any CPU
		{A11F8E8A-001D-46C5-BEB9-FA41642C3CFA}.Release|Any CPU.ActiveCfg = Release|Any CPU
		{A11F8E8A-001D-46C5-BEB9-FA41642C3CFA}.Release|Any CPU.Build.0 = Release|Any CPU
		{FBB08913-D7FB-4167-84D4-DB953D7D97F3}.Debug|Any CPU.ActiveCfg = Debug|Any CPU
		{FBB08913-D7FB-4167-84D4-DB953D7D97F3}.Debug|Any CPU.Build.0 = Debug|Any CPU
		{FBB08913-D7FB-4167-84D4-DB953D7D97F3}.Release|Any CPU.ActiveCfg = Release|Any CPU
		{FBB08913-D7FB-4167-84D4-DB953D7D97F3}.Release|Any CPU.Build.0 = Release|Any CPU
		{5DD25157-140B-4D95-9F4B-2E23303DC1B8}.Debug|Any CPU.ActiveCfg = Debug|Any CPU
		{5DD25157-140B-4D95-9F4B-2E23303DC1B8}.Debug|Any CPU.Build.0 = Debug|Any CPU
		{5DD25157-140B-4D95-9F4B-2E23303DC1B8}.Release|Any CPU.ActiveCfg = Release|Any CPU
		{5DD25157-140B-4D95-9F4B-2E23303DC1B8}.Release|Any CPU.Build.0 = Release|Any CPU
	EndGlobalSection
	GlobalSection(SolutionProperties) = preSolution
		HideSolutionNode = FALSE
	EndGlobalSection
	GlobalSection(ExtensibilityGlobals) = postSolution
		SolutionGuid = {6FB2D09D-E341-425F-B4E3-5AF5A0486821}
	EndGlobalSection
EndGlobal
